// !$*UTF8*$!
{
	archiveVersion = 1;
	classes = {
	};
	objectVersion = 50;
	objects = {

/* Begin PBXBuildFile section */
		C5161D09255362F700EB5BB5 /* Date+Ext.swift in Sources */ = {isa = PBXBuildFile; fileRef = C5161D08255362F600EB5BB5 /* Date+Ext.swift */; };
		C5161D0C2553633900EB5BB5 /* String+Ext.swift in Sources */ = {isa = PBXBuildFile; fileRef = C5161D0B2553633900EB5BB5 /* String+Ext.swift */; };
		C52BBEE2253E4F41008585A0 /* GFEmptyStateView.swift in Sources */ = {isa = PBXBuildFile; fileRef = C52BBEE1253E4F41008585A0 /* GFEmptyStateView.swift */; };
		C53F3F4C252BCB64002B9754 /* GFButton.swift in Sources */ = {isa = PBXBuildFile; fileRef = C53F3F4B252BCB64002B9754 /* GFButton.swift */; };
		C53F3F4F252BCEA9002B9754 /* GFTextField.swift in Sources */ = {isa = PBXBuildFile; fileRef = C53F3F4E252BCEA9002B9754 /* GFTextField.swift */; };
		C53F4E48254249840000995D /* GFSecondaryTitleLabel.swift in Sources */ = {isa = PBXBuildFile; fileRef = C53F4E47254249840000995D /* GFSecondaryTitleLabel.swift */; };
		C53F4E4C25424DFE0000995D /* GFUserInfoHeaderVC.swift in Sources */ = {isa = PBXBuildFile; fileRef = C53F4E4B25424DFE0000995D /* GFUserInfoHeaderVC.swift */; };
		C53F4E4F254257EB0000995D /* Constants.swift in Sources */ = {isa = PBXBuildFile; fileRef = C53F4E4E254257EB0000995D /* Constants.swift */; };
		C584B14E2538FAAF00D79355 /* UIHelper.swift in Sources */ = {isa = PBXBuildFile; fileRef = C584B14D2538FAAF00D79355 /* UIHelper.swift */; };
		C586F6CE253F99AA0058F7C8 /* UserInfoVC.swift in Sources */ = {isa = PBXBuildFile; fileRef = C586F6CD253F99AA0058F7C8 /* UserInfoVC.swift */; };
		C58908F3256724F800CBE56E /* FavoriteCell.swift in Sources */ = {isa = PBXBuildFile; fileRef = C58908F2256724F800CBE56E /* FavoriteCell.swift */; };
		C5992210253134F8005F6476 /* FollowerCell.swift in Sources */ = {isa = PBXBuildFile; fileRef = C599220F253134F8005F6476 /* FollowerCell.swift */; };
		C599221325313571005F6476 /* GFAvatarImageView.swift in Sources */ = {isa = PBXBuildFile; fileRef = C599221225313571005F6476 /* GFAvatarImageView.swift */; };
		C59AEECF2548E1D00030B52A /* GFRepoItemVC.swift in Sources */ = {isa = PBXBuildFile; fileRef = C59AEECE2548E1D00030B52A /* GFRepoItemVC.swift */; };
		C59AEED62548EE0B0030B52A /* GFFollowerItemVC.swift in Sources */ = {isa = PBXBuildFile; fileRef = C59AEED52548EE0B0030B52A /* GFFollowerItemVC.swift */; };
		C5AD1D07252D1B2600F3BED0 /* FollowerListVC.swift in Sources */ = {isa = PBXBuildFile; fileRef = C5AD1D06252D1B2600F3BED0 /* FollowerListVC.swift */; };
		C5AD1D0A252D2A1B00F3BED0 /* GFTitleLabel.swift in Sources */ = {isa = PBXBuildFile; fileRef = C5AD1D09252D2A1B00F3BED0 /* GFTitleLabel.swift */; };
		C5AD1D0D252D3A7700F3BED0 /* GFBodyLabel.swift in Sources */ = {isa = PBXBuildFile; fileRef = C5AD1D0C252D3A7700F3BED0 /* GFBodyLabel.swift */; };
		C5AD1D10252D3E1B00F3BED0 /* GFAlertVC.swift in Sources */ = {isa = PBXBuildFile; fileRef = C5AD1D0F252D3E1B00F3BED0 /* GFAlertVC.swift */; };
		C5AD1D17252E6E8A00F3BED0 /* UIViewController+Ext.swift in Sources */ = {isa = PBXBuildFile; fileRef = C5AD1D16252E6E8A00F3BED0 /* UIViewController+Ext.swift */; };
		C5B51002252FBB5C00D90A39 /* GFView.swift in Sources */ = {isa = PBXBuildFile; fileRef = C5B51001252FBB5C00D90A39 /* GFView.swift */; };
		C5B51007252FBF5800D90A39 /* Follower.swift in Sources */ = {isa = PBXBuildFile; fileRef = C5B51006252FBF5800D90A39 /* Follower.swift */; };
		C5B5100A252FC03600D90A39 /* User.swift in Sources */ = {isa = PBXBuildFile; fileRef = C5B51009252FC03600D90A39 /* User.swift */; };
		C5B51014252FC6A300D90A39 /* NetworkManager.swift in Sources */ = {isa = PBXBuildFile; fileRef = C5B51013252FC6A300D90A39 /* NetworkManager.swift */; };
		C5C2B6E3254102330086E037 /* GFError.swift in Sources */ = {isa = PBXBuildFile; fileRef = C5C2B6E2254102330086E037 /* GFError.swift */; };
		C5C9572C2527D8CA000D358A /* AppDelegate.swift in Sources */ = {isa = PBXBuildFile; fileRef = C5C9572B2527D8CA000D358A /* AppDelegate.swift */; };
		C5C9572E2527D8CA000D358A /* SceneDelegate.swift in Sources */ = {isa = PBXBuildFile; fileRef = C5C9572D2527D8CA000D358A /* SceneDelegate.swift */; };
		C5C957352527D8D6000D358A /* Assets.xcassets in Resources */ = {isa = PBXBuildFile; fileRef = C5C957342527D8D6000D358A /* Assets.xcassets */; };
		C5C957382527D8D6000D358A /* LaunchScreen.storyboard in Resources */ = {isa = PBXBuildFile; fileRef = C5C957362527D8D6000D358A /* LaunchScreen.storyboard */; };
		C5E90DC82547894500C6529C /* GFItemInfoView.swift in Sources */ = {isa = PBXBuildFile; fileRef = C5E90DC72547894500C6529C /* GFItemInfoView.swift */; };
		C5E90DCB2547980E00C6529C /* GFItemInfoVC.swift in Sources */ = {isa = PBXBuildFile; fileRef = C5E90DCA2547980E00C6529C /* GFItemInfoVC.swift */; };
		C5EDDDAB255B62E6000F5434 /* PersistenceManager.swift in Sources */ = {isa = PBXBuildFile; fileRef = C5EDDDAA255B62E6000F5434 /* PersistenceManager.swift */; };
		C5EF30E025A5279E005D732A /* UIView+Ext.swift in Sources */ = {isa = PBXBuildFile; fileRef = C5EF30DF25A5279E005D732A /* UIView+Ext.swift */; };
		C5F78D68256889DC00628CFD /* GFTabBarController.swift in Sources */ = {isa = PBXBuildFile; fileRef = C5F78D67256889DC00628CFD /* GFTabBarController.swift */; };
		C5FB098B2527E098001E1A6C /* SearchVC.swift in Sources */ = {isa = PBXBuildFile; fileRef = C5FB098A2527E098001E1A6C /* SearchVC.swift */; };
		C5FB098F2527E0CB001E1A6C /* FavoritesVC.swift in Sources */ = {isa = PBXBuildFile; fileRef = C5FB098E2527E0CB001E1A6C /* FavoritesVC.swift */; };
/* End PBXBuildFile section */

/* Begin PBXFileReference section */
		C5161D08255362F600EB5BB5 /* Date+Ext.swift */ = {isa = PBXFileReference; lastKnownFileType = sourcecode.swift; path = "Date+Ext.swift"; sourceTree = "<group>"; };
		C5161D0B2553633900EB5BB5 /* String+Ext.swift */ = {isa = PBXFileReference; lastKnownFileType = sourcecode.swift; path = "String+Ext.swift"; sourceTree = "<group>"; };
		C52BBEE1253E4F41008585A0 /* GFEmptyStateView.swift */ = {isa = PBXFileReference; lastKnownFileType = sourcecode.swift; path = GFEmptyStateView.swift; sourceTree = "<group>"; };
		C53F3F4B252BCB64002B9754 /* GFButton.swift */ = {isa = PBXFileReference; lastKnownFileType = sourcecode.swift; path = GFButton.swift; sourceTree = "<group>"; };
		C53F3F4E252BCEA9002B9754 /* GFTextField.swift */ = {isa = PBXFileReference; lastKnownFileType = sourcecode.swift; path = GFTextField.swift; sourceTree = "<group>"; };
		C53F4E47254249840000995D /* GFSecondaryTitleLabel.swift */ = {isa = PBXFileReference; lastKnownFileType = sourcecode.swift; path = GFSecondaryTitleLabel.swift; sourceTree = "<group>"; };
		C53F4E4B25424DFE0000995D /* GFUserInfoHeaderVC.swift */ = {isa = PBXFileReference; lastKnownFileType = sourcecode.swift; path = GFUserInfoHeaderVC.swift; sourceTree = "<group>"; };
		C53F4E4E254257EB0000995D /* Constants.swift */ = {isa = PBXFileReference; lastKnownFileType = sourcecode.swift; path = Constants.swift; sourceTree = "<group>"; };
		C584B14D2538FAAF00D79355 /* UIHelper.swift */ = {isa = PBXFileReference; lastKnownFileType = sourcecode.swift; path = UIHelper.swift; sourceTree = "<group>"; };
		C586F6CD253F99AA0058F7C8 /* UserInfoVC.swift */ = {isa = PBXFileReference; lastKnownFileType = sourcecode.swift; path = UserInfoVC.swift; sourceTree = "<group>"; };
		C58908F2256724F800CBE56E /* FavoriteCell.swift */ = {isa = PBXFileReference; lastKnownFileType = sourcecode.swift; path = FavoriteCell.swift; sourceTree = "<group>"; };
		C599220F253134F8005F6476 /* FollowerCell.swift */ = {isa = PBXFileReference; lastKnownFileType = sourcecode.swift; path = FollowerCell.swift; sourceTree = "<group>"; };
		C599221225313571005F6476 /* GFAvatarImageView.swift */ = {isa = PBXFileReference; lastKnownFileType = sourcecode.swift; path = GFAvatarImageView.swift; sourceTree = "<group>"; };
		C59AEECE2548E1D00030B52A /* GFRepoItemVC.swift */ = {isa = PBXFileReference; lastKnownFileType = sourcecode.swift; path = GFRepoItemVC.swift; sourceTree = "<group>"; };
		C59AEED52548EE0B0030B52A /* GFFollowerItemVC.swift */ = {isa = PBXFileReference; lastKnownFileType = sourcecode.swift; path = GFFollowerItemVC.swift; sourceTree = "<group>"; };
		C5AD1D06252D1B2600F3BED0 /* FollowerListVC.swift */ = {isa = PBXFileReference; lastKnownFileType = sourcecode.swift; path = FollowerListVC.swift; sourceTree = "<group>"; };
		C5AD1D09252D2A1B00F3BED0 /* GFTitleLabel.swift */ = {isa = PBXFileReference; lastKnownFileType = sourcecode.swift; path = GFTitleLabel.swift; sourceTree = "<group>"; };
		C5AD1D0C252D3A7700F3BED0 /* GFBodyLabel.swift */ = {isa = PBXFileReference; lastKnownFileType = sourcecode.swift; path = GFBodyLabel.swift; sourceTree = "<group>"; };
		C5AD1D0F252D3E1B00F3BED0 /* GFAlertVC.swift */ = {isa = PBXFileReference; lastKnownFileType = sourcecode.swift; path = GFAlertVC.swift; sourceTree = "<group>"; };
		C5AD1D16252E6E8A00F3BED0 /* UIViewController+Ext.swift */ = {isa = PBXFileReference; lastKnownFileType = sourcecode.swift; path = "UIViewController+Ext.swift"; sourceTree = "<group>"; };
		C5B51001252FBB5C00D90A39 /* GFView.swift */ = {isa = PBXFileReference; lastKnownFileType = sourcecode.swift; path = GFView.swift; sourceTree = "<group>"; };
		C5B51006252FBF5800D90A39 /* Follower.swift */ = {isa = PBXFileReference; lastKnownFileType = sourcecode.swift; path = Follower.swift; sourceTree = "<group>"; };
		C5B51009252FC03600D90A39 /* User.swift */ = {isa = PBXFileReference; lastKnownFileType = sourcecode.swift; path = User.swift; sourceTree = "<group>"; };
		C5B51013252FC6A300D90A39 /* NetworkManager.swift */ = {isa = PBXFileReference; lastKnownFileType = sourcecode.swift; path = NetworkManager.swift; sourceTree = "<group>"; };
		C5C2B6E2254102330086E037 /* GFError.swift */ = {isa = PBXFileReference; lastKnownFileType = sourcecode.swift; path = GFError.swift; sourceTree = "<group>"; };
		C5C957282527D8CA000D358A /* GitHubFollowers.app */ = {isa = PBXFileReference; explicitFileType = wrapper.application; includeInIndex = 0; path = GitHubFollowers.app; sourceTree = BUILT_PRODUCTS_DIR; };
		C5C9572B2527D8CA000D358A /* AppDelegate.swift */ = {isa = PBXFileReference; lastKnownFileType = sourcecode.swift; path = AppDelegate.swift; sourceTree = "<group>"; };
		C5C9572D2527D8CA000D358A /* SceneDelegate.swift */ = {isa = PBXFileReference; lastKnownFileType = sourcecode.swift; path = SceneDelegate.swift; sourceTree = "<group>"; };
		C5C957342527D8D6000D358A /* Assets.xcassets */ = {isa = PBXFileReference; lastKnownFileType = folder.assetcatalog; path = Assets.xcassets; sourceTree = "<group>"; };
		C5C957372527D8D6000D358A /* Base */ = {isa = PBXFileReference; lastKnownFileType = file.storyboard; name = Base; path = Base.lproj/LaunchScreen.storyboard; sourceTree = "<group>"; };
		C5C957392527D8D6000D358A /* Info.plist */ = {isa = PBXFileReference; lastKnownFileType = text.plist.xml; path = Info.plist; sourceTree = "<group>"; };
		C5E90DC72547894500C6529C /* GFItemInfoView.swift */ = {isa = PBXFileReference; lastKnownFileType = sourcecode.swift; path = GFItemInfoView.swift; sourceTree = "<group>"; };
		C5E90DCA2547980E00C6529C /* GFItemInfoVC.swift */ = {isa = PBXFileReference; lastKnownFileType = sourcecode.swift; path = GFItemInfoVC.swift; sourceTree = "<group>"; };
		C5EDDDAA255B62E6000F5434 /* PersistenceManager.swift */ = {isa = PBXFileReference; lastKnownFileType = sourcecode.swift; path = PersistenceManager.swift; sourceTree = "<group>"; };
		C5EF30DF25A5279E005D732A /* UIView+Ext.swift */ = {isa = PBXFileReference; lastKnownFileType = sourcecode.swift; path = "UIView+Ext.swift"; sourceTree = "<group>"; };
		C5F78D67256889DC00628CFD /* GFTabBarController.swift */ = {isa = PBXFileReference; lastKnownFileType = sourcecode.swift; path = GFTabBarController.swift; sourceTree = "<group>"; };
		C5FB098A2527E098001E1A6C /* SearchVC.swift */ = {isa = PBXFileReference; lastKnownFileType = sourcecode.swift; path = SearchVC.swift; sourceTree = "<group>"; };
		C5FB098E2527E0CB001E1A6C /* FavoritesVC.swift */ = {isa = PBXFileReference; lastKnownFileType = sourcecode.swift; path = FavoritesVC.swift; sourceTree = "<group>"; };
/* End PBXFileReference section */

/* Begin PBXFrameworksBuildPhase section */
		C5C957252527D8CA000D358A /* Frameworks */ = {
			isa = PBXFrameworksBuildPhase;
			buildActionMask = 2147483647;
			files = (
			);
			runOnlyForDeploymentPostprocessing = 0;
		};
/* End PBXFrameworksBuildPhase section */

/* Begin PBXGroup section */
		C52BBEDB253E4EB6008585A0 /* Views */ = {
			isa = PBXGroup;
			children = (
				C5B51001252FBB5C00D90A39 /* GFView.swift */,
				C52BBEE1253E4F41008585A0 /* GFEmptyStateView.swift */,
				C5E90DC72547894500C6529C /* GFItemInfoView.swift */,
			);
			path = Views;
			sourceTree = "<group>";
		};
		C52BBEDC253E4EBB008585A0 /* Buttons */ = {
			isa = PBXGroup;
			children = (
				C53F3F4B252BCB64002B9754 /* GFButton.swift */,
			);
			path = Buttons;
			sourceTree = "<group>";
		};
		C52BBEDD253E4EC2008585A0 /* TextField */ = {
			isa = PBXGroup;
			children = (
				C53F3F4E252BCEA9002B9754 /* GFTextField.swift */,
			);
			path = TextField;
			sourceTree = "<group>";
		};
		C52BBEDE253E4ECE008585A0 /* ImageView */ = {
			isa = PBXGroup;
			children = (
				C599221225313571005F6476 /* GFAvatarImageView.swift */,
			);
			path = ImageView;
			sourceTree = "<group>";
		};
		C52BBEDF253E4ED8008585A0 /* ViewController */ = {
			isa = PBXGroup;
			children = (
				C59AEEE02548FF450030B52A /* ItemInfoVCs */,
				C5AD1D0F252D3E1B00F3BED0 /* GFAlertVC.swift */,
				C53F4E4B25424DFE0000995D /* GFUserInfoHeaderVC.swift */,
			);
			path = ViewController;
			sourceTree = "<group>";
		};
		C52BBEE0253E4F00008585A0 /* Labels */ = {
			isa = PBXGroup;
			children = (
				C5AD1D0C252D3A7700F3BED0 /* GFBodyLabel.swift */,
				C5AD1D09252D2A1B00F3BED0 /* GFTitleLabel.swift */,
				C53F4E47254249840000995D /* GFSecondaryTitleLabel.swift */,
			);
			path = Labels;
			sourceTree = "<group>";
		};
		C599220E253134D4005F6476 /* Cells */ = {
			isa = PBXGroup;
			children = (
				C599220F253134F8005F6476 /* FollowerCell.swift */,
				C58908F2256724F800CBE56E /* FavoriteCell.swift */,
			);
			path = Cells;
			sourceTree = "<group>";
		};
		C59AEEE02548FF450030B52A /* ItemInfoVCs */ = {
			isa = PBXGroup;
			children = (
				C59AEECE2548E1D00030B52A /* GFRepoItemVC.swift */,
				C5E90DCA2547980E00C6529C /* GFItemInfoVC.swift */,
				C59AEED52548EE0B0030B52A /* GFFollowerItemVC.swift */,
			);
			path = ItemInfoVCs;
			sourceTree = "<group>";
		};
		C5AD1D19252E753300F3BED0 /* Screens */ = {
			isa = PBXGroup;
			children = (
				C5FB098A2527E098001E1A6C /* SearchVC.swift */,
				C5FB098E2527E0CB001E1A6C /* FavoritesVC.swift */,
				C5AD1D06252D1B2600F3BED0 /* FollowerListVC.swift */,
				C586F6CD253F99AA0058F7C8 /* UserInfoVC.swift */,
			);
			path = Screens;
			sourceTree = "<group>";
		};
		C5AD1D1A252E756D00F3BED0 /* Custom Views */ = {
			isa = PBXGroup;
			children = (
				C5F78D66256889C100628CFD /* TabBarControllers */,
				C52BBEE0253E4F00008585A0 /* Labels */,
				C52BBEDF253E4ED8008585A0 /* ViewController */,
				C52BBEDE253E4ECE008585A0 /* ImageView */,
				C52BBEDD253E4EC2008585A0 /* TextField */,
				C52BBEDC253E4EBB008585A0 /* Buttons */,
				C52BBEDB253E4EB6008585A0 /* Views */,
				C599220E253134D4005F6476 /* Cells */,
			);
			path = "Custom Views";
			sourceTree = "<group>";
		};
		C5AD1D1C252E75AD00F3BED0 /* Extensions */ = {
			isa = PBXGroup;
			children = (
				C5AD1D16252E6E8A00F3BED0 /* UIViewController+Ext.swift */,
				C5161D08255362F600EB5BB5 /* Date+Ext.swift */,
				C5161D0B2553633900EB5BB5 /* String+Ext.swift */,
				C5EF30DF25A5279E005D732A /* UIView+Ext.swift */,
			);
			path = Extensions;
			sourceTree = "<group>";
		};
		C5AD1D1D252E760A00F3BED0 /* Support */ = {
			isa = PBXGroup;
			children = (
				C5C9572B2527D8CA000D358A /* AppDelegate.swift */,
				C5C9572D2527D8CA000D358A /* SceneDelegate.swift */,
				C5C957342527D8D6000D358A /* Assets.xcassets */,
				C5C957362527D8D6000D358A /* LaunchScreen.storyboard */,
			);
			path = Support;
			sourceTree = "<group>";
		};
		C5B51005252FBF4B00D90A39 /* Model */ = {
			isa = PBXGroup;
			children = (
				C5B51006252FBF5800D90A39 /* Follower.swift */,
				C5B51009252FC03600D90A39 /* User.swift */,
			);
			path = Model;
			sourceTree = "<group>";
		};
		C5B51011252FC65A00D90A39 /* Managers */ = {
			isa = PBXGroup;
			children = (
				C5B51013252FC6A300D90A39 /* NetworkManager.swift */,
				C5EDDDAA255B62E6000F5434 /* PersistenceManager.swift */,
			);
			path = Managers;
			sourceTree = "<group>";
		};
		C5C9571F2527D8CA000D358A = {
			isa = PBXGroup;
			children = (
				C5C9572A2527D8CA000D358A /* GitHubFollowers */,
				C5C957292527D8CA000D358A /* Products */,
			);
			sourceTree = "<group>";
		};
		C5C957292527D8CA000D358A /* Products */ = {
			isa = PBXGroup;
			children = (
				C5C957282527D8CA000D358A /* GitHubFollowers.app */,
			);
			name = Products;
			sourceTree = "<group>";
		};
		C5C9572A2527D8CA000D358A /* GitHubFollowers */ = {
			isa = PBXGroup;
			children = (
				C5CEE58425310CB0001D057B /* Utilities */,
				C5B51011252FC65A00D90A39 /* Managers */,
				C5B51005252FBF4B00D90A39 /* Model */,
				C5AD1D1A252E756D00F3BED0 /* Custom Views */,
				C5AD1D19252E753300F3BED0 /* Screens */,
				C5AD1D1C252E75AD00F3BED0 /* Extensions */,
				C5AD1D1D252E760A00F3BED0 /* Support */,
				C5C957392527D8D6000D358A /* Info.plist */,
			);
			path = GitHubFollowers;
			sourceTree = "<group>";
		};
		C5CEE58425310CB0001D057B /* Utilities */ = {
			isa = PBXGroup;
			children = (
				C584B14D2538FAAF00D79355 /* UIHelper.swift */,
				C5C2B6E2254102330086E037 /* GFError.swift */,
				C53F4E4E254257EB0000995D /* Constants.swift */,
			);
			path = Utilities;
			sourceTree = "<group>";
		};
		C5F78D66256889C100628CFD /* TabBarControllers */ = {
			isa = PBXGroup;
			children = (
				C5F78D67256889DC00628CFD /* GFTabBarController.swift */,
			);
			path = TabBarControllers;
			sourceTree = "<group>";
		};
/* End PBXGroup section */

/* Begin PBXNativeTarget section */
		C5C957272527D8CA000D358A /* GitHubFollowers */ = {
			isa = PBXNativeTarget;
			buildConfigurationList = C5C9573C2527D8D6000D358A /* Build configuration list for PBXNativeTarget "GitHubFollowers" */;
			buildPhases = (
				C5C957242527D8CA000D358A /* Sources */,
				C5C957252527D8CA000D358A /* Frameworks */,
				C5C957262527D8CA000D358A /* Resources */,
			);
			buildRules = (
			);
			dependencies = (
			);
			name = GitHubFollowers;
			productName = GitHubFollowers;
			productReference = C5C957282527D8CA000D358A /* GitHubFollowers.app */;
			productType = "com.apple.product-type.application";
		};
/* End PBXNativeTarget section */

/* Begin PBXProject section */
		C5C957202527D8CA000D358A /* Project object */ = {
			isa = PBXProject;
			attributes = {
				LastSwiftUpdateCheck = 1200;
				LastUpgradeCheck = 1200;
				TargetAttributes = {
					C5C957272527D8CA000D358A = {
						CreatedOnToolsVersion = 12.0.1;
					};
				};
			};
			buildConfigurationList = C5C957232527D8CA000D358A /* Build configuration list for PBXProject "GitHubFollowers" */;
			compatibilityVersion = "Xcode 9.3";
			developmentRegion = en;
			hasScannedForEncodings = 0;
			knownRegions = (
				en,
				Base,
			);
			mainGroup = C5C9571F2527D8CA000D358A;
			productRefGroup = C5C957292527D8CA000D358A /* Products */;
			projectDirPath = "";
			projectRoot = "";
			targets = (
				C5C957272527D8CA000D358A /* GitHubFollowers */,
			);
		};
/* End PBXProject section */

/* Begin PBXResourcesBuildPhase section */
		C5C957262527D8CA000D358A /* Resources */ = {
			isa = PBXResourcesBuildPhase;
			buildActionMask = 2147483647;
			files = (
				C5C957382527D8D6000D358A /* LaunchScreen.storyboard in Resources */,
				C5C957352527D8D6000D358A /* Assets.xcassets in Resources */,
			);
			runOnlyForDeploymentPostprocessing = 0;
		};
/* End PBXResourcesBuildPhase section */

/* Begin PBXSourcesBuildPhase section */
		C5C957242527D8CA000D358A /* Sources */ = {
			isa = PBXSourcesBuildPhase;
			buildActionMask = 2147483647;
			files = (
				C5EF30E025A5279E005D732A /* UIView+Ext.swift in Sources */,
				C53F3F4F252BCEA9002B9754 /* GFTextField.swift in Sources */,
				C5FB098F2527E0CB001E1A6C /* FavoritesVC.swift in Sources */,
				C53F3F4C252BCB64002B9754 /* GFButton.swift in Sources */,
				C5AD1D17252E6E8A00F3BED0 /* UIViewController+Ext.swift in Sources */,
				C5FB098B2527E098001E1A6C /* SearchVC.swift in Sources */,
				C52BBEE2253E4F41008585A0 /* GFEmptyStateView.swift in Sources */,
				C53F4E48254249840000995D /* GFSecondaryTitleLabel.swift in Sources */,
				C5AD1D10252D3E1B00F3BED0 /* GFAlertVC.swift in Sources */,
				C5B5100A252FC03600D90A39 /* User.swift in Sources */,
				C5C2B6E3254102330086E037 /* GFError.swift in Sources */,
				C5992210253134F8005F6476 /* FollowerCell.swift in Sources */,
				C599221325313571005F6476 /* GFAvatarImageView.swift in Sources */,
				C5EDDDAB255B62E6000F5434 /* PersistenceManager.swift in Sources */,
				C58908F3256724F800CBE56E /* FavoriteCell.swift in Sources */,
				C59AEECF2548E1D00030B52A /* GFRepoItemVC.swift in Sources */,
				C5AD1D0D252D3A7700F3BED0 /* GFBodyLabel.swift in Sources */,
				C586F6CE253F99AA0058F7C8 /* UserInfoVC.swift in Sources */,
				C5B51002252FBB5C00D90A39 /* GFView.swift in Sources */,
				C53F4E4C25424DFE0000995D /* GFUserInfoHeaderVC.swift in Sources */,
				C5B51007252FBF5800D90A39 /* Follower.swift in Sources */,
				C5161D0C2553633900EB5BB5 /* String+Ext.swift in Sources */,
				C5AD1D0A252D2A1B00F3BED0 /* GFTitleLabel.swift in Sources */,
				C5E90DCB2547980E00C6529C /* GFItemInfoVC.swift in Sources */,
				C59AEED62548EE0B0030B52A /* GFFollowerItemVC.swift in Sources */,
				C5AD1D07252D1B2600F3BED0 /* FollowerListVC.swift in Sources */,
				C584B14E2538FAAF00D79355 /* UIHelper.swift in Sources */,
				C5161D09255362F700EB5BB5 /* Date+Ext.swift in Sources */,
				C5B51014252FC6A300D90A39 /* NetworkManager.swift in Sources */,
				C5C9572C2527D8CA000D358A /* AppDelegate.swift in Sources */,
				C5E90DC82547894500C6529C /* GFItemInfoView.swift in Sources */,
				C5C9572E2527D8CA000D358A /* SceneDelegate.swift in Sources */,
				C53F4E4F254257EB0000995D /* Constants.swift in Sources */,
				C5F78D68256889DC00628CFD /* GFTabBarController.swift in Sources */,
			);
			runOnlyForDeploymentPostprocessing = 0;
		};
/* End PBXSourcesBuildPhase section */

/* Begin PBXVariantGroup section */
		C5C957362527D8D6000D358A /* LaunchScreen.storyboard */ = {
			isa = PBXVariantGroup;
			children = (
				C5C957372527D8D6000D358A /* Base */,
			);
			name = LaunchScreen.storyboard;
			sourceTree = "<group>";
		};
/* End PBXVariantGroup section */

/* Begin XCBuildConfiguration section */
		C5C9573A2527D8D6000D358A /* Debug */ = {
			isa = XCBuildConfiguration;
			buildSettings = {
				ALWAYS_SEARCH_USER_PATHS = NO;
				CLANG_ANALYZER_NONNULL = YES;
				CLANG_ANALYZER_NUMBER_OBJECT_CONVERSION = YES_AGGRESSIVE;
				CLANG_CXX_LANGUAGE_STANDARD = "gnu++14";
				CLANG_CXX_LIBRARY = "libc++";
				CLANG_ENABLE_MODULES = YES;
				CLANG_ENABLE_OBJC_ARC = YES;
				CLANG_ENABLE_OBJC_WEAK = YES;
				CLANG_WARN_BLOCK_CAPTURE_AUTORELEASING = YES;
				CLANG_WARN_BOOL_CONVERSION = YES;
				CLANG_WARN_COMMA = YES;
				CLANG_WARN_CONSTANT_CONVERSION = YES;
				CLANG_WARN_DEPRECATED_OBJC_IMPLEMENTATIONS = YES;
				CLANG_WARN_DIRECT_OBJC_ISA_USAGE = YES_ERROR;
				CLANG_WARN_DOCUMENTATION_COMMENTS = YES;
				CLANG_WARN_EMPTY_BODY = YES;
				CLANG_WARN_ENUM_CONVERSION = YES;
				CLANG_WARN_INFINITE_RECURSION = YES;
				CLANG_WARN_INT_CONVERSION = YES;
				CLANG_WARN_NON_LITERAL_NULL_CONVERSION = YES;
				CLANG_WARN_OBJC_IMPLICIT_RETAIN_SELF = YES;
				CLANG_WARN_OBJC_LITERAL_CONVERSION = YES;
				CLANG_WARN_OBJC_ROOT_CLASS = YES_ERROR;
				CLANG_WARN_QUOTED_INCLUDE_IN_FRAMEWORK_HEADER = YES;
				CLANG_WARN_RANGE_LOOP_ANALYSIS = YES;
				CLANG_WARN_STRICT_PROTOTYPES = YES;
				CLANG_WARN_SUSPICIOUS_MOVE = YES;
				CLANG_WARN_UNGUARDED_AVAILABILITY = YES_AGGRESSIVE;
				CLANG_WARN_UNREACHABLE_CODE = YES;
				CLANG_WARN__DUPLICATE_METHOD_MATCH = YES;
				COPY_PHASE_STRIP = NO;
				DEBUG_INFORMATION_FORMAT = dwarf;
				ENABLE_STRICT_OBJC_MSGSEND = YES;
				ENABLE_TESTABILITY = YES;
				GCC_C_LANGUAGE_STANDARD = gnu11;
				GCC_DYNAMIC_NO_PIC = NO;
				GCC_NO_COMMON_BLOCKS = YES;
				GCC_OPTIMIZATION_LEVEL = 0;
				GCC_PREPROCESSOR_DEFINITIONS = (
					"DEBUG=1",
					"$(inherited)",
				);
				GCC_WARN_64_TO_32_BIT_CONVERSION = YES;
				GCC_WARN_ABOUT_RETURN_TYPE = YES_ERROR;
				GCC_WARN_UNDECLARED_SELECTOR = YES;
				GCC_WARN_UNINITIALIZED_AUTOS = YES_AGGRESSIVE;
				GCC_WARN_UNUSED_FUNCTION = YES;
				GCC_WARN_UNUSED_VARIABLE = YES;
				IPHONEOS_DEPLOYMENT_TARGET = 14.0;
				MTL_ENABLE_DEBUG_INFO = INCLUDE_SOURCE;
				MTL_FAST_MATH = YES;
				ONLY_ACTIVE_ARCH = YES;
				SDKROOT = iphoneos;
				SWIFT_ACTIVE_COMPILATION_CONDITIONS = DEBUG;
				SWIFT_OPTIMIZATION_LEVEL = "-Onone";
			};
			name = Debug;
		};
		C5C9573B2527D8D6000D358A /* Release */ = {
			isa = XCBuildConfiguration;
			buildSettings = {
				ALWAYS_SEARCH_USER_PATHS = NO;
				CLANG_ANALYZER_NONNULL = YES;
				CLANG_ANALYZER_NUMBER_OBJECT_CONVERSION = YES_AGGRESSIVE;
				CLANG_CXX_LANGUAGE_STANDARD = "gnu++14";
				CLANG_CXX_LIBRARY = "libc++";
				CLANG_ENABLE_MODULES = YES;
				CLANG_ENABLE_OBJC_ARC = YES;
				CLANG_ENABLE_OBJC_WEAK = YES;
				CLANG_WARN_BLOCK_CAPTURE_AUTORELEASING = YES;
				CLANG_WARN_BOOL_CONVERSION = YES;
				CLANG_WARN_COMMA = YES;
				CLANG_WARN_CONSTANT_CONVERSION = YES;
				CLANG_WARN_DEPRECATED_OBJC_IMPLEMENTATIONS = YES;
				CLANG_WARN_DIRECT_OBJC_ISA_USAGE = YES_ERROR;
				CLANG_WARN_DOCUMENTATION_COMMENTS = YES;
				CLANG_WARN_EMPTY_BODY = YES;
				CLANG_WARN_ENUM_CONVERSION = YES;
				CLANG_WARN_INFINITE_RECURSION = YES;
				CLANG_WARN_INT_CONVERSION = YES;
				CLANG_WARN_NON_LITERAL_NULL_CONVERSION = YES;
				CLANG_WARN_OBJC_IMPLICIT_RETAIN_SELF = YES;
				CLANG_WARN_OBJC_LITERAL_CONVERSION = YES;
				CLANG_WARN_OBJC_ROOT_CLASS = YES_ERROR;
				CLANG_WARN_QUOTED_INCLUDE_IN_FRAMEWORK_HEADER = YES;
				CLANG_WARN_RANGE_LOOP_ANALYSIS = YES;
				CLANG_WARN_STRICT_PROTOTYPES = YES;
				CLANG_WARN_SUSPICIOUS_MOVE = YES;
				CLANG_WARN_UNGUARDED_AVAILABILITY = YES_AGGRESSIVE;
				CLANG_WARN_UNREACHABLE_CODE = YES;
				CLANG_WARN__DUPLICATE_METHOD_MATCH = YES;
				COPY_PHASE_STRIP = NO;
				DEBUG_INFORMATION_FORMAT = "dwarf-with-dsym";
				ENABLE_NS_ASSERTIONS = NO;
				ENABLE_STRICT_OBJC_MSGSEND = YES;
				GCC_C_LANGUAGE_STANDARD = gnu11;
				GCC_NO_COMMON_BLOCKS = YES;
				GCC_WARN_64_TO_32_BIT_CONVERSION = YES;
				GCC_WARN_ABOUT_RETURN_TYPE = YES_ERROR;
				GCC_WARN_UNDECLARED_SELECTOR = YES;
				GCC_WARN_UNINITIALIZED_AUTOS = YES_AGGRESSIVE;
				GCC_WARN_UNUSED_FUNCTION = YES;
				GCC_WARN_UNUSED_VARIABLE = YES;
				IPHONEOS_DEPLOYMENT_TARGET = 14.0;
				MTL_ENABLE_DEBUG_INFO = NO;
				MTL_FAST_MATH = YES;
				SDKROOT = iphoneos;
				SWIFT_COMPILATION_MODE = wholemodule;
				SWIFT_OPTIMIZATION_LEVEL = "-O";
				VALIDATE_PRODUCT = YES;
			};
			name = Release;
		};
		C5C9573D2527D8D6000D358A /* Debug */ = {
			isa = XCBuildConfiguration;
			buildSettings = {
				ASSETCATALOG_COMPILER_APPICON_NAME = AppIcon;
				ASSETCATALOG_COMPILER_GLOBAL_ACCENT_COLOR_NAME = AccentColor;
				CODE_SIGN_STYLE = Automatic;
				DEVELOPMENT_TEAM = TL3B35X3ZH;
				INFOPLIST_FILE = GitHubFollowers/Info.plist;
				LD_RUNPATH_SEARCH_PATHS = (
					"$(inherited)",
					"@executable_path/Frameworks",
				);
				PRODUCT_BUNDLE_IDENTIFIER = com.brianfabello.GitHubFollowers;
				PRODUCT_NAME = "$(TARGET_NAME)";
				SWIFT_VERSION = 5.0;
				TARGETED_DEVICE_FAMILY = 1;
			};
			name = Debug;
		};
		C5C9573E2527D8D6000D358A /* Release */ = {
			isa = XCBuildConfiguration;
			buildSettings = {
				ASSETCATALOG_COMPILER_APPICON_NAME = AppIcon;
				ASSETCATALOG_COMPILER_GLOBAL_ACCENT_COLOR_NAME = AccentColor;
				CODE_SIGN_STYLE = Automatic;
				DEVELOPMENT_TEAM = TL3B35X3ZH;
				INFOPLIST_FILE = GitHubFollowers/Info.plist;
				LD_RUNPATH_SEARCH_PATHS = (
					"$(inherited)",
					"@executable_path/Frameworks",
				);
				PRODUCT_BUNDLE_IDENTIFIER = com.brianfabello.GitHubFollowers;
				PRODUCT_NAME = "$(TARGET_NAME)";
				SWIFT_VERSION = 5.0;
				TARGETED_DEVICE_FAMILY = 1;
			};
			name = Release;
		};
/* End XCBuildConfiguration section */

/* Begin XCConfigurationList section */
		C5C957232527D8CA000D358A /* Build configuration list for PBXProject "GitHubFollowers" */ = {
			isa = XCConfigurationList;
			buildConfigurations = (
				C5C9573A2527D8D6000D358A /* Debug */,
				C5C9573B2527D8D6000D358A /* Release */,
			);
			defaultConfigurationIsVisible = 0;
			defaultConfigurationName = Release;
		};
		C5C9573C2527D8D6000D358A /* Build configuration list for PBXNativeTarget "GitHubFollowers" */ = {
			isa = XCConfigurationList;
			buildConfigurations = (
				C5C9573D2527D8D6000D358A /* Debug */,
				C5C9573E2527D8D6000D358A /* Release */,
			);
			defaultConfigurationIsVisible = 0;
			defaultConfigurationName = Release;
		};
/* End XCConfigurationList section */
	};
	rootObject = C5C957202527D8CA000D358A /* Project object */;
}
